
Microsoft Visual Studio Solution File, Format Version 12.00
# Visual Studio Version 17
VisualStudioVersion = 17.4.33110.190
MinimumVisualStudioVersion = 10.0.40219.1
Project("{FAE04EC0-301F-11D3-BF4B-00C04F79EFBC}") = "opp-client", "opp-client.csproj", "{EA50743F-AC22-44E7-A998-105287F4CA64}"
EndProject
Global
	GlobalSection(SolutionConfigurationPlatforms) = preSolution
		Debug|Any CPU = Debug|Any CPU
		Release|Any CPU = Release|Any CPU
	EndGlobalSection
	GlobalSection(ProjectConfigurationPlatforms) = postSolution
		{EA50743F-AC22-44E7-A998-105287F4CA64}.Debug|Any CPU.ActiveCfg = Debug|Any CPU
		{EA50743F-AC22-44E7-A998-105287F4CA64}.Debug|Any CPU.Build.0 = Debug|Any CPU
		{EA50743F-AC22-44E7-A998-105287F4CA64}.Release|Any CPU.ActiveCfg = Release|Any CPU
		{EA50743F-AC22-44E7-A998-105287F4CA64}.Release|Any CPU.Build.0 = Release|Any CPU
	EndGlobalSection
	GlobalSection(SolutionProperties) = preSolution
		HideSolutionNode = FALSE
	EndGlobalSection
	GlobalSection(ExtensibilityGlobals) = postSolution
		SolutionGuid = {F8E8D5A0-0D86-42B0-830E-DE7985D3FEAA}
	EndGlobalSection
EndGlobal
